
Microsoft Visual Studio Solution File, Format Version 12.00
# Visual Studio 2013
VisualStudioVersion = 12.0.31101.0
MinimumVisualStudioVersion = 10.0.40219.1
Project("{FAE04EC0-301F-11D3-BF4B-00C04F79EFBC}") = "NativeCode.Sqlite.QueryBuilder", "NativeCode.Sqlite.QueryBuilder\NativeCode.Sqlite.QueryBuilder.csproj", "{388DAB39-0D49-4C2F-9903-4F2C242BD764}"
EndProject
Project("{FAE04EC0-301F-11D3-BF4B-00C04F79EFBC}") = "NativeCode.Sqlite.QueryBuilder.Tests", "NativeCode.Sqlite.QueryBuilder.Tests\NativeCode.Sqlite.QueryBuilder.Tests.csproj", "{E0C9D057-D8E4-4027-86F8-4816C542C029}"
EndProject
Global
	GlobalSection(SolutionConfigurationPlatforms) = preSolution
		Debug|Any CPU = Debug|Any CPU
		Release|Any CPU = Release|Any CPU
	EndGlobalSection
	GlobalSection(ProjectConfigurationPlatforms) = postSolution
		{388DAB39-0D49-4C2F-9903-4F2C242BD764}.Debug|Any CPU.ActiveCfg = Debug|Any CPU
		{388DAB39-0D49-4C2F-9903-4F2C242BD764}.Debug|Any CPU.Build.0 = Debug|Any CPU
		{388DAB39-0D49-4C2F-9903-4F2C242BD764}.Release|Any CPU.ActiveCfg = Release|Any CPU
		{388DAB39-0D49-4C2F-9903-4F2C242BD764}.Release|Any CPU.Build.0 = Release|Any CPU
		{E0C9D057-D8E4-4027-86F8-4816C542C029}.Debug|Any CPU.ActiveCfg = Debug|Any CPU
		{E0C9D057-D8E4-4027-86F8-4816C542C029}.Debug|Any CPU.Build.0 = Debug|Any CPU
		{E0C9D057-D8E4-4027-86F8-4816C542C029}.Release|Any CPU.ActiveCfg = Release|Any CPU
		{E0C9D057-D8E4-4027-86F8-4816C542C029}.Release|Any CPU.Build.0 = Release|Any CPU
	EndGlobalSection
	GlobalSection(SolutionProperties) = preSolution
		HideSolutionNode = FALSE
	EndGlobalSection
EndGlobal
